
Microsoft Visual Studio Solution File, Format Version 12.00
# Visual Studio Version 17
VisualStudioVersion = 17.7.34202.233
MinimumVisualStudioVersion = 10.0.40219.1
Project("{FAE04EC0-301F-11D3-BF4B-00C04F79EFBC}") = "12.05.2023", "12.05.2023\12.05.2023.csproj", "{5E32608A-D258-46F4-BF67-F9AE0A519365}"
EndProject
Global
	GlobalSection(SolutionConfigurationPlatforms) = preSolution
		Debug|Any CPU = Debug|Any CPU
		Release|Any CPU = Release|Any CPU
	EndGlobalSection
	GlobalSection(ProjectConfigurationPlatforms) = postSolution
		{5E32608A-D258-46F4-BF67-F9AE0A519365}.Debug|Any CPU.ActiveCfg = Debug|Any CPU
		{5E32608A-D258-46F4-BF67-F9AE0A519365}.Debug|Any CPU.Build.0 = Debug|Any CPU
		{5E32608A-D258-46F4-BF67-F9AE0A519365}.Release|Any CPU.ActiveCfg = Release|Any CPU
		{5E32608A-D258-46F4-BF67-F9AE0A519365}.Release|Any CPU.Build.0 = Release|Any CPU
	EndGlobalSection
	GlobalSection(SolutionProperties) = preSolution
		HideSolutionNode = FALSE
	EndGlobalSection
	GlobalSection(ExtensibilityGlobals) = postSolution
		SolutionGuid = {7E772105-D163-4BAA-93DA-658D40C9D9C6}
	EndGlobalSection
EndGlobal
